
Microsoft Visual Studio Solution File, Format Version 12.00
Project("{2150E333-8FDC-42A3-9474-1A3956D46DE8}") = "Common", "Common", "{E583CB04-8E14-412F-991A-A1FB216F5A29}"
EndProject
Project("{FAE04EC0-301F-11D3-BF4B-00C04F79EFBC}") = "Common.Messaging", "Common.Messaging\Common.Messaging.csproj", "{CC08F395-6E0C-40D2-9224-62DB167A7319}"
EndProject
Project("{FAE04EC0-301F-11D3-BF4B-00C04F79EFBC}") = "Common.Validation", "Common.Validation\Common.Validation.csproj", "{25CE39BF-2542-4CF4-9D76-A50705BA7623}"
EndProject
Project("{FAE04EC0-301F-11D3-BF4B-00C04F79EFBC}") = "Common.Contracts", "Common.Contracts\Common.Contracts.csproj", "{6BB19E26-04A3-4BED-9334-04E421295B53}"
EndProject
Project("{2150E333-8FDC-42A3-9474-1A3956D46DE8}") = "Core", "Core", "{01CF7663-FFEA-4103-BE08-AE41EF310901}"
EndProject
Project("{FAE04EC0-301F-11D3-BF4B-00C04F79EFBC}") = "Core.Domain", "Core.Domain\Core.Domain.csproj", "{7C23922F-2425-41DA-A369-B74A01D67AE6}"
EndProject
Project("{FAE04EC0-301F-11D3-BF4B-00C04F79EFBC}") = "Common.Db", "Common.Db\Common.Db.csproj", "{9CB4FCA1-C184-4D10-94D3-771B5A8758D6}"
EndProject
Project("{FAE04EC0-301F-11D3-BF4B-00C04F79EFBC}") = "Core.Infrastructure", "Core.Infrastructure\Core.Infrastructure.csproj", "{B35D399B-847E-49B6-B59C-4B4DE14B97B5}"
EndProject
Project("{FAE04EC0-301F-11D3-BF4B-00C04F79EFBC}") = "Common.Policies", "Common.Policies\Common.Policies.csproj", "{B6182C83-FC2C-41F9-B0CE-F0D1EE7C988C}"
EndProject
Project("{FAE04EC0-301F-11D3-BF4B-00C04F79EFBC}") = "Common.Migrator", "Common.Migrator\Common.Migrator.csproj", "{78721123-B8A8-423C-B62A-BCEFB54AB94A}"
EndProject
Project("{2150E333-8FDC-42A3-9474-1A3956D46DE8}") = "Storage", "Storage", "{7FB45420-6D09-4CBA-9144-E67C21CB653B}"
EndProject
Project("{FAE04EC0-301F-11D3-BF4B-00C04F79EFBC}") = "Storage.Domain", "Storage.Domain\Storage.Domain.csproj", "{87D5C7C6-3859-4330-AB05-D88BEE11FC41}"
EndProject
Project("{FAE04EC0-301F-11D3-BF4B-00C04F79EFBC}") = "Storage.Infrastructure", "Storage.Infrastructure\Storage.Infrastructure.csproj", "{D775015F-5C0D-4B24-9A1E-D7F01D08BAE2}"
EndProject
Project("{FAE04EC0-301F-11D3-BF4B-00C04F79EFBC}") = "Storage.Application", "Storage.Application\Storage.Application.csproj", "{26D7C360-4B9F-4CE9-81C4-C5009F9BCD70}"
EndProject
Project("{FAE04EC0-301F-11D3-BF4B-00C04F79EFBC}") = "Storage.Service", "Storage.Service\Storage.Service.csproj", "{D247470F-3BAD-43BF-BF8B-42328FD87474}"
EndProject
Global
	GlobalSection(SolutionConfigurationPlatforms) = preSolution
		Debug|Any CPU = Debug|Any CPU
		Release|Any CPU = Release|Any CPU
	EndGlobalSection
	GlobalSection(NestedProjects) = preSolution
		{CC08F395-6E0C-40D2-9224-62DB167A7319} = {E583CB04-8E14-412F-991A-A1FB216F5A29}
		{25CE39BF-2542-4CF4-9D76-A50705BA7623} = {E583CB04-8E14-412F-991A-A1FB216F5A29}
		{6BB19E26-04A3-4BED-9334-04E421295B53} = {E583CB04-8E14-412F-991A-A1FB216F5A29}
		{7C23922F-2425-41DA-A369-B74A01D67AE6} = {01CF7663-FFEA-4103-BE08-AE41EF310901}
		{9CB4FCA1-C184-4D10-94D3-771B5A8758D6} = {E583CB04-8E14-412F-991A-A1FB216F5A29}
		{B35D399B-847E-49B6-B59C-4B4DE14B97B5} = {01CF7663-FFEA-4103-BE08-AE41EF310901}
		{B6182C83-FC2C-41F9-B0CE-F0D1EE7C988C} = {E583CB04-8E14-412F-991A-A1FB216F5A29}
		{78721123-B8A8-423C-B62A-BCEFB54AB94A} = {E583CB04-8E14-412F-991A-A1FB216F5A29}
		{87D5C7C6-3859-4330-AB05-D88BEE11FC41} = {7FB45420-6D09-4CBA-9144-E67C21CB653B}
		{D775015F-5C0D-4B24-9A1E-D7F01D08BAE2} = {7FB45420-6D09-4CBA-9144-E67C21CB653B}
		{26D7C360-4B9F-4CE9-81C4-C5009F9BCD70} = {7FB45420-6D09-4CBA-9144-E67C21CB653B}
		{D247470F-3BAD-43BF-BF8B-42328FD87474} = {7FB45420-6D09-4CBA-9144-E67C21CB653B}
	EndGlobalSection
	GlobalSection(ProjectConfigurationPlatforms) = postSolution
		{CC08F395-6E0C-40D2-9224-62DB167A7319}.Debug|Any CPU.ActiveCfg = Debug|Any CPU
		{CC08F395-6E0C-40D2-9224-62DB167A7319}.Debug|Any CPU.Build.0 = Debug|Any CPU
		{CC08F395-6E0C-40D2-9224-62DB167A7319}.Release|Any CPU.ActiveCfg = Release|Any CPU
		{CC08F395-6E0C-40D2-9224-62DB167A7319}.Release|Any CPU.Build.0 = Release|Any CPU
		{25CE39BF-2542-4CF4-9D76-A50705BA7623}.Debug|Any CPU.ActiveCfg = Debug|Any CPU
		{25CE39BF-2542-4CF4-9D76-A50705BA7623}.Debug|Any CPU.Build.0 = Debug|Any CPU
		{25CE39BF-2542-4CF4-9D76-A50705BA7623}.Release|Any CPU.ActiveCfg = Release|Any CPU
		{25CE39BF-2542-4CF4-9D76-A50705BA7623}.Release|Any CPU.Build.0 = Release|Any CPU
		{6BB19E26-04A3-4BED-9334-04E421295B53}.Debug|Any CPU.ActiveCfg = Debug|Any CPU
		{6BB19E26-04A3-4BED-9334-04E421295B53}.Debug|Any CPU.Build.0 = Debug|Any CPU
		{6BB19E26-04A3-4BED-9334-04E421295B53}.Release|Any CPU.ActiveCfg = Release|Any CPU
		{6BB19E26-04A3-4BED-9334-04E421295B53}.Release|Any CPU.Build.0 = Release|Any CPU
		{7C23922F-2425-41DA-A369-B74A01D67AE6}.Debug|Any CPU.ActiveCfg = Debug|Any CPU
		{7C23922F-2425-41DA-A369-B74A01D67AE6}.Debug|Any CPU.Build.0 = Debug|Any CPU
		{7C23922F-2425-41DA-A369-B74A01D67AE6}.Release|Any CPU.ActiveCfg = Release|Any CPU
		{7C23922F-2425-41DA-A369-B74A01D67AE6}.Release|Any CPU.Build.0 = Release|Any CPU
		{9CB4FCA1-C184-4D10-94D3-771B5A8758D6}.Debug|Any CPU.ActiveCfg = Debug|Any CPU
		{9CB4FCA1-C184-4D10-94D3-771B5A8758D6}.Debug|Any CPU.Build.0 = Debug|Any CPU
		{9CB4FCA1-C184-4D10-94D3-771B5A8758D6}.Release|Any CPU.ActiveCfg = Release|Any CPU
		{9CB4FCA1-C184-4D10-94D3-771B5A8758D6}.Release|Any CPU.Build.0 = Release|Any CPU
		{B35D399B-847E-49B6-B59C-4B4DE14B97B5}.Debug|Any CPU.ActiveCfg = Debug|Any CPU
		{B35D399B-847E-49B6-B59C-4B4DE14B97B5}.Debug|Any CPU.Build.0 = Debug|Any CPU
		{B35D399B-847E-49B6-B59C-4B4DE14B97B5}.Release|Any CPU.ActiveCfg = Release|Any CPU
		{B35D399B-847E-49B6-B59C-4B4DE14B97B5}.Release|Any CPU.Build.0 = Release|Any CPU
		{B6182C83-FC2C-41F9-B0CE-F0D1EE7C988C}.Debug|Any CPU.ActiveCfg = Debug|Any CPU
		{B6182C83-FC2C-41F9-B0CE-F0D1EE7C988C}.Debug|Any CPU.Build.0 = Debug|Any CPU
		{B6182C83-FC2C-41F9-B0CE-F0D1EE7C988C}.Release|Any CPU.ActiveCfg = Release|Any CPU
		{B6182C83-FC2C-41F9-B0CE-F0D1EE7C988C}.Release|Any CPU.Build.0 = Release|Any CPU
		{78721123-B8A8-423C-B62A-BCEFB54AB94A}.Debug|Any CPU.ActiveCfg = Debug|Any CPU
		{78721123-B8A8-423C-B62A-BCEFB54AB94A}.Debug|Any CPU.Build.0 = Debug|Any CPU
		{78721123-B8A8-423C-B62A-BCEFB54AB94A}.Release|Any CPU.ActiveCfg = Release|Any CPU
		{78721123-B8A8-423C-B62A-BCEFB54AB94A}.Release|Any CPU.Build.0 = Release|Any CPU
		{87D5C7C6-3859-4330-AB05-D88BEE11FC41}.Debug|Any CPU.ActiveCfg = Debug|Any CPU
		{87D5C7C6-3859-4330-AB05-D88BEE11FC41}.Debug|Any CPU.Build.0 = Debug|Any CPU
		{87D5C7C6-3859-4330-AB05-D88BEE11FC41}.Release|Any CPU.ActiveCfg = Release|Any CPU
		{87D5C7C6-3859-4330-AB05-D88BEE11FC41}.Release|Any CPU.Build.0 = Release|Any CPU
		{D775015F-5C0D-4B24-9A1E-D7F01D08BAE2}.Debug|Any CPU.ActiveCfg = Debug|Any CPU
		{D775015F-5C0D-4B24-9A1E-D7F01D08BAE2}.Debug|Any CPU.Build.0 = Debug|Any CPU
		{D775015F-5C0D-4B24-9A1E-D7F01D08BAE2}.Release|Any CPU.ActiveCfg = Release|Any CPU
		{D775015F-5C0D-4B24-9A1E-D7F01D08BAE2}.Release|Any CPU.Build.0 = Release|Any CPU
		{26D7C360-4B9F-4CE9-81C4-C5009F9BCD70}.Debug|Any CPU.ActiveCfg = Debug|Any CPU
		{26D7C360-4B9F-4CE9-81C4-C5009F9BCD70}.Debug|Any CPU.Build.0 = Debug|Any CPU
		{26D7C360-4B9F-4CE9-81C4-C5009F9BCD70}.Release|Any CPU.ActiveCfg = Release|Any CPU
		{26D7C360-4B9F-4CE9-81C4-C5009F9BCD70}.Release|Any CPU.Build.0 = Release|Any CPU
		{D247470F-3BAD-43BF-BF8B-42328FD87474}.Debug|Any CPU.ActiveCfg = Debug|Any CPU
		{D247470F-3BAD-43BF-BF8B-42328FD87474}.Debug|Any CPU.Build.0 = Debug|Any CPU
		{D247470F-3BAD-43BF-BF8B-42328FD87474}.Release|Any CPU.ActiveCfg = Release|Any CPU
		{D247470F-3BAD-43BF-BF8B-42328FD87474}.Release|Any CPU.Build.0 = Release|Any CPU
	EndGlobalSection
EndGlobal
