
Microsoft Visual Studio Solution File, Format Version 12.00
Project("{2150E333-8FDC-42A3-9474-1A3956D46DE8}") = "Common", "Common", "{E583CB04-8E14-412F-991A-A1FB216F5A29}"
EndProject
Project("{2150E333-8FDC-42A3-9474-1A3956D46DE8}") = "Core", "Core", "{01CF7663-FFEA-4103-BE08-AE41EF310901}"
EndProject
Project("{2150E333-8FDC-42A3-9474-1A3956D46DE8}") = "Storage", "Storage", "{7FB45420-6D09-4CBA-9144-E67C21CB653B}"
EndProject
Project("{FAE04EC0-301F-11D3-BF4B-00C04F79EFBC}") = "Common.Cached", "Common\Common.Cached\Common.Cached.csproj", "{38A28B37-F22D-474D-824A-33D3B5BAC6C1}"
EndProject
Project("{FAE04EC0-301F-11D3-BF4B-00C04F79EFBC}") = "Common.Contracts", "Common\Common.Contracts\Common.Contracts.csproj", "{94939485-4F65-4723-91C2-57F9DD03304E}"
EndProject
Project("{FAE04EC0-301F-11D3-BF4B-00C04F79EFBC}") = "Common.Db", "Common\Common.Db\Common.Db.csproj", "{8353A99A-4D01-470D-995A-89A061487196}"
EndProject
Project("{FAE04EC0-301F-11D3-BF4B-00C04F79EFBC}") = "Common.Extensions", "Common\Common.Extensions\Common.Extensions.csproj", "{BCAA22E8-0766-4475-97C5-63E4C2AF95E9}"
EndProject
Project("{FAE04EC0-301F-11D3-BF4B-00C04F79EFBC}") = "Common.Http", "Common\Common.Http\Common.Http.csproj", "{C0142CD8-3AA5-47FC-BCC5-F9B1100FA461}"
EndProject
Project("{FAE04EC0-301F-11D3-BF4B-00C04F79EFBC}") = "Common.Messaging.Nats", "Common\Common.Messaging.Nats\Common.Messaging.Nats.csproj", "{DA566389-73D6-44D9-AD19-CC5F627443AF}"
EndProject
Project("{FAE04EC0-301F-11D3-BF4B-00C04F79EFBC}") = "Common.Messaging.Nats.Contracts", "Common\Common.Messaging.Nats.Contracts\Common.Messaging.Nats.Contracts.csproj", "{E533AF77-B0EA-4406-B603-CCC8F4184FC7}"
EndProject
Project("{FAE04EC0-301F-11D3-BF4B-00C04F79EFBC}") = "Common.Migrator", "Common\Common.Migrator\Common.Migrator.csproj", "{1E4C11FB-B5A6-4BFB-BB04-E403E7B64CAF}"
EndProject
Project("{FAE04EC0-301F-11D3-BF4B-00C04F79EFBC}") = "Common.Policies", "Common\Common.Policies\Common.Policies.csproj", "{2693A713-25E3-48A7-A737-18024EF9C8D6}"
EndProject
Project("{FAE04EC0-301F-11D3-BF4B-00C04F79EFBC}") = "Common.Validation", "Common\Common.Validation\Common.Validation.csproj", "{E26664FB-A8D6-489B-96E5-56373ED5A30C}"
EndProject
Project("{FAE04EC0-301F-11D3-BF4B-00C04F79EFBC}") = "Core.Application", "Core\Core.Application\Core.Application.csproj", "{3A1C7DFA-CCDD-4509-9CE6-FAE8E052E2F8}"
EndProject
Project("{FAE04EC0-301F-11D3-BF4B-00C04F79EFBC}") = "Core.Domain", "Core\Core.Domain\Core.Domain.csproj", "{2B3CF2CB-977E-4771-99DC-22BD9B03B635}"
EndProject
Project("{FAE04EC0-301F-11D3-BF4B-00C04F79EFBC}") = "Core.Infrastructure", "Core\Core.Infrastructure\Core.Infrastructure.csproj", "{B3AC3FCE-744D-4BAF-847D-841F5CC2970C}"
EndProject
Project("{FAE04EC0-301F-11D3-BF4B-00C04F79EFBC}") = "Core.Service", "Core\Core.Service\Core.Service.csproj", "{60713D0D-5624-4D7B-96C7-B82BB5B92467}"
EndProject
Project("{FAE04EC0-301F-11D3-BF4B-00C04F79EFBC}") = "Core.Tests", "Core\Core.Tests\Core.Tests.csproj", "{61FA1541-7061-4D24-9694-BA5C423C632D}"
EndProject
Project("{FAE04EC0-301F-11D3-BF4B-00C04F79EFBC}") = "Storage.Application", "Storage\Storage.Application\Storage.Application.csproj", "{45C179F5-DF55-44C3-8053-336C6B7985B3}"
EndProject
Project("{FAE04EC0-301F-11D3-BF4B-00C04F79EFBC}") = "Storage.Domain", "Storage\Storage.Domain\Storage.Domain.csproj", "{BF361FC1-BA8C-4A99-8CD1-EF8DECB81068}"
EndProject
Project("{FAE04EC0-301F-11D3-BF4B-00C04F79EFBC}") = "Storage.Infrastructure", "Storage\Storage.Infrastructure\Storage.Infrastructure.csproj", "{E1BB67F4-63AB-4E16-B8CF-361A8D0046F0}"
EndProject
Project("{FAE04EC0-301F-11D3-BF4B-00C04F79EFBC}") = "Storage.Service", "Storage\Storage.Service\Storage.Service.csproj", "{FF53A63B-1633-4E9B-9F56-E6D3CBAB1279}"
EndProject
Project("{FAE04EC0-301F-11D3-BF4B-00C04F79EFBC}") = "Storage.Tests", "Storage\Storage.Tests\Storage.Tests.csproj", "{FC2C1A44-EA7D-439C-8BD4-D05DDCE327D0}"
EndProject
Project("{FAE04EC0-301F-11D3-BF4B-00C04F79EFBC}") = "Common.Logging", "Common\Common.Logging\Common.Logging.csproj", "{753E234D-DA54-45D1-BD03-BDF567FCFA40}"
EndProject
Project("{2150E333-8FDC-42A3-9474-1A3956D46DE8}") = "Migrator", "Migrator", "{C70BC64D-8EBB-49C7-96C1-8C2A7112BB23}"
EndProject
Project("{FAE04EC0-301F-11D3-BF4B-00C04F79EFBC}") = "MigrationService", "Migrator\MigrationService\MigrationService.csproj", "{EB6E1C67-8B43-4BCD-AA13-853969CABD75}"
EndProject
Project("{FAE04EC0-301F-11D3-BF4B-00C04F79EFBC}") = "Common.Localization", "Common\Common.Localization\Common.Localization.csproj", "{BA173466-FEB2-47E2-8A77-03E992887F09}"
EndProject
Global
	GlobalSection(SolutionConfigurationPlatforms) = preSolution
		Debug|Any CPU = Debug|Any CPU
		Debug|x64 = Debug|x64
		Debug|x86 = Debug|x86
		Release|Any CPU = Release|Any CPU
		Release|x64 = Release|x64
		Release|x86 = Release|x86
	EndGlobalSection
	GlobalSection(ProjectConfigurationPlatforms) = postSolution
		{38A28B37-F22D-474D-824A-33D3B5BAC6C1}.Debug|Any CPU.ActiveCfg = Debug|Any CPU
		{38A28B37-F22D-474D-824A-33D3B5BAC6C1}.Debug|Any CPU.Build.0 = Debug|Any CPU
		{38A28B37-F22D-474D-824A-33D3B5BAC6C1}.Debug|x64.ActiveCfg = Debug|Any CPU
		{38A28B37-F22D-474D-824A-33D3B5BAC6C1}.Debug|x64.Build.0 = Debug|Any CPU
		{38A28B37-F22D-474D-824A-33D3B5BAC6C1}.Debug|x86.ActiveCfg = Debug|Any CPU
		{38A28B37-F22D-474D-824A-33D3B5BAC6C1}.Debug|x86.Build.0 = Debug|Any CPU
		{38A28B37-F22D-474D-824A-33D3B5BAC6C1}.Release|Any CPU.ActiveCfg = Release|Any CPU
		{38A28B37-F22D-474D-824A-33D3B5BAC6C1}.Release|Any CPU.Build.0 = Release|Any CPU
		{38A28B37-F22D-474D-824A-33D3B5BAC6C1}.Release|x64.ActiveCfg = Release|Any CPU
		{38A28B37-F22D-474D-824A-33D3B5BAC6C1}.Release|x64.Build.0 = Release|Any CPU
		{38A28B37-F22D-474D-824A-33D3B5BAC6C1}.Release|x86.ActiveCfg = Release|Any CPU
		{38A28B37-F22D-474D-824A-33D3B5BAC6C1}.Release|x86.Build.0 = Release|Any CPU
		{94939485-4F65-4723-91C2-57F9DD03304E}.Debug|Any CPU.ActiveCfg = Debug|Any CPU
		{94939485-4F65-4723-91C2-57F9DD03304E}.Debug|Any CPU.Build.0 = Debug|Any CPU
		{94939485-4F65-4723-91C2-57F9DD03304E}.Debug|x64.ActiveCfg = Debug|Any CPU
		{94939485-4F65-4723-91C2-57F9DD03304E}.Debug|x64.Build.0 = Debug|Any CPU
		{94939485-4F65-4723-91C2-57F9DD03304E}.Debug|x86.ActiveCfg = Debug|Any CPU
		{94939485-4F65-4723-91C2-57F9DD03304E}.Debug|x86.Build.0 = Debug|Any CPU
		{94939485-4F65-4723-91C2-57F9DD03304E}.Release|Any CPU.ActiveCfg = Release|Any CPU
		{94939485-4F65-4723-91C2-57F9DD03304E}.Release|Any CPU.Build.0 = Release|Any CPU
		{94939485-4F65-4723-91C2-57F9DD03304E}.Release|x64.ActiveCfg = Release|Any CPU
		{94939485-4F65-4723-91C2-57F9DD03304E}.Release|x64.Build.0 = Release|Any CPU
		{94939485-4F65-4723-91C2-57F9DD03304E}.Release|x86.ActiveCfg = Release|Any CPU
		{94939485-4F65-4723-91C2-57F9DD03304E}.Release|x86.Build.0 = Release|Any CPU
		{8353A99A-4D01-470D-995A-89A061487196}.Debug|Any CPU.ActiveCfg = Debug|Any CPU
		{8353A99A-4D01-470D-995A-89A061487196}.Debug|Any CPU.Build.0 = Debug|Any CPU
		{8353A99A-4D01-470D-995A-89A061487196}.Debug|x64.ActiveCfg = Debug|Any CPU
		{8353A99A-4D01-470D-995A-89A061487196}.Debug|x64.Build.0 = Debug|Any CPU
		{8353A99A-4D01-470D-995A-89A061487196}.Debug|x86.ActiveCfg = Debug|Any CPU
		{8353A99A-4D01-470D-995A-89A061487196}.Debug|x86.Build.0 = Debug|Any CPU
		{8353A99A-4D01-470D-995A-89A061487196}.Release|Any CPU.ActiveCfg = Release|Any CPU
		{8353A99A-4D01-470D-995A-89A061487196}.Release|Any CPU.Build.0 = Release|Any CPU
		{8353A99A-4D01-470D-995A-89A061487196}.Release|x64.ActiveCfg = Release|Any CPU
		{8353A99A-4D01-470D-995A-89A061487196}.Release|x64.Build.0 = Release|Any CPU
		{8353A99A-4D01-470D-995A-89A061487196}.Release|x86.ActiveCfg = Release|Any CPU
		{8353A99A-4D01-470D-995A-89A061487196}.Release|x86.Build.0 = Release|Any CPU
		{BCAA22E8-0766-4475-97C5-63E4C2AF95E9}.Debug|Any CPU.ActiveCfg = Debug|Any CPU
		{BCAA22E8-0766-4475-97C5-63E4C2AF95E9}.Debug|Any CPU.Build.0 = Debug|Any CPU
		{BCAA22E8-0766-4475-97C5-63E4C2AF95E9}.Debug|x64.ActiveCfg = Debug|Any CPU
		{BCAA22E8-0766-4475-97C5-63E4C2AF95E9}.Debug|x64.Build.0 = Debug|Any CPU
		{BCAA22E8-0766-4475-97C5-63E4C2AF95E9}.Debug|x86.ActiveCfg = Debug|Any CPU
		{BCAA22E8-0766-4475-97C5-63E4C2AF95E9}.Debug|x86.Build.0 = Debug|Any CPU
		{BCAA22E8-0766-4475-97C5-63E4C2AF95E9}.Release|Any CPU.ActiveCfg = Release|Any CPU
		{BCAA22E8-0766-4475-97C5-63E4C2AF95E9}.Release|Any CPU.Build.0 = Release|Any CPU
		{BCAA22E8-0766-4475-97C5-63E4C2AF95E9}.Release|x64.ActiveCfg = Release|Any CPU
		{BCAA22E8-0766-4475-97C5-63E4C2AF95E9}.Release|x64.Build.0 = Release|Any CPU
		{BCAA22E8-0766-4475-97C5-63E4C2AF95E9}.Release|x86.ActiveCfg = Release|Any CPU
		{BCAA22E8-0766-4475-97C5-63E4C2AF95E9}.Release|x86.Build.0 = Release|Any CPU
		{C0142CD8-3AA5-47FC-BCC5-F9B1100FA461}.Debug|Any CPU.ActiveCfg = Debug|Any CPU
		{C0142CD8-3AA5-47FC-BCC5-F9B1100FA461}.Debug|Any CPU.Build.0 = Debug|Any CPU
		{C0142CD8-3AA5-47FC-BCC5-F9B1100FA461}.Debug|x64.ActiveCfg = Debug|Any CPU
		{C0142CD8-3AA5-47FC-BCC5-F9B1100FA461}.Debug|x64.Build.0 = Debug|Any CPU
		{C0142CD8-3AA5-47FC-BCC5-F9B1100FA461}.Debug|x86.ActiveCfg = Debug|Any CPU
		{C0142CD8-3AA5-47FC-BCC5-F9B1100FA461}.Debug|x86.Build.0 = Debug|Any CPU
		{C0142CD8-3AA5-47FC-BCC5-F9B1100FA461}.Release|Any CPU.ActiveCfg = Release|Any CPU
		{C0142CD8-3AA5-47FC-BCC5-F9B1100FA461}.Release|Any CPU.Build.0 = Release|Any CPU
		{C0142CD8-3AA5-47FC-BCC5-F9B1100FA461}.Release|x64.ActiveCfg = Release|Any CPU
		{C0142CD8-3AA5-47FC-BCC5-F9B1100FA461}.Release|x64.Build.0 = Release|Any CPU
		{C0142CD8-3AA5-47FC-BCC5-F9B1100FA461}.Release|x86.ActiveCfg = Release|Any CPU
		{C0142CD8-3AA5-47FC-BCC5-F9B1100FA461}.Release|x86.Build.0 = Release|Any CPU
		{DA566389-73D6-44D9-AD19-CC5F627443AF}.Debug|Any CPU.ActiveCfg = Debug|Any CPU
		{DA566389-73D6-44D9-AD19-CC5F627443AF}.Debug|Any CPU.Build.0 = Debug|Any CPU
		{DA566389-73D6-44D9-AD19-CC5F627443AF}.Debug|x64.ActiveCfg = Debug|Any CPU
		{DA566389-73D6-44D9-AD19-CC5F627443AF}.Debug|x64.Build.0 = Debug|Any CPU
		{DA566389-73D6-44D9-AD19-CC5F627443AF}.Debug|x86.ActiveCfg = Debug|Any CPU
		{DA566389-73D6-44D9-AD19-CC5F627443AF}.Debug|x86.Build.0 = Debug|Any CPU
		{DA566389-73D6-44D9-AD19-CC5F627443AF}.Release|Any CPU.ActiveCfg = Release|Any CPU
		{DA566389-73D6-44D9-AD19-CC5F627443AF}.Release|Any CPU.Build.0 = Release|Any CPU
		{DA566389-73D6-44D9-AD19-CC5F627443AF}.Release|x64.ActiveCfg = Release|Any CPU
		{DA566389-73D6-44D9-AD19-CC5F627443AF}.Release|x64.Build.0 = Release|Any CPU
		{DA566389-73D6-44D9-AD19-CC5F627443AF}.Release|x86.ActiveCfg = Release|Any CPU
		{DA566389-73D6-44D9-AD19-CC5F627443AF}.Release|x86.Build.0 = Release|Any CPU
		{E533AF77-B0EA-4406-B603-CCC8F4184FC7}.Debug|Any CPU.ActiveCfg = Debug|Any CPU
		{E533AF77-B0EA-4406-B603-CCC8F4184FC7}.Debug|Any CPU.Build.0 = Debug|Any CPU
		{E533AF77-B0EA-4406-B603-CCC8F4184FC7}.Debug|x64.ActiveCfg = Debug|Any CPU
		{E533AF77-B0EA-4406-B603-CCC8F4184FC7}.Debug|x64.Build.0 = Debug|Any CPU
		{E533AF77-B0EA-4406-B603-CCC8F4184FC7}.Debug|x86.ActiveCfg = Debug|Any CPU
		{E533AF77-B0EA-4406-B603-CCC8F4184FC7}.Debug|x86.Build.0 = Debug|Any CPU
		{E533AF77-B0EA-4406-B603-CCC8F4184FC7}.Release|Any CPU.ActiveCfg = Release|Any CPU
		{E533AF77-B0EA-4406-B603-CCC8F4184FC7}.Release|Any CPU.Build.0 = Release|Any CPU
		{E533AF77-B0EA-4406-B603-CCC8F4184FC7}.Release|x64.ActiveCfg = Release|Any CPU
		{E533AF77-B0EA-4406-B603-CCC8F4184FC7}.Release|x64.Build.0 = Release|Any CPU
		{E533AF77-B0EA-4406-B603-CCC8F4184FC7}.Release|x86.ActiveCfg = Release|Any CPU
		{E533AF77-B0EA-4406-B603-CCC8F4184FC7}.Release|x86.Build.0 = Release|Any CPU
		{1E4C11FB-B5A6-4BFB-BB04-E403E7B64CAF}.Debug|Any CPU.ActiveCfg = Debug|Any CPU
		{1E4C11FB-B5A6-4BFB-BB04-E403E7B64CAF}.Debug|Any CPU.Build.0 = Debug|Any CPU
		{1E4C11FB-B5A6-4BFB-BB04-E403E7B64CAF}.Debug|x64.ActiveCfg = Debug|Any CPU
		{1E4C11FB-B5A6-4BFB-BB04-E403E7B64CAF}.Debug|x64.Build.0 = Debug|Any CPU
		{1E4C11FB-B5A6-4BFB-BB04-E403E7B64CAF}.Debug|x86.ActiveCfg = Debug|Any CPU
		{1E4C11FB-B5A6-4BFB-BB04-E403E7B64CAF}.Debug|x86.Build.0 = Debug|Any CPU
		{1E4C11FB-B5A6-4BFB-BB04-E403E7B64CAF}.Release|Any CPU.ActiveCfg = Release|Any CPU
		{1E4C11FB-B5A6-4BFB-BB04-E403E7B64CAF}.Release|Any CPU.Build.0 = Release|Any CPU
		{1E4C11FB-B5A6-4BFB-BB04-E403E7B64CAF}.Release|x64.ActiveCfg = Release|Any CPU
		{1E4C11FB-B5A6-4BFB-BB04-E403E7B64CAF}.Release|x64.Build.0 = Release|Any CPU
		{1E4C11FB-B5A6-4BFB-BB04-E403E7B64CAF}.Release|x86.ActiveCfg = Release|Any CPU
		{1E4C11FB-B5A6-4BFB-BB04-E403E7B64CAF}.Release|x86.Build.0 = Release|Any CPU
		{2693A713-25E3-48A7-A737-18024EF9C8D6}.Debug|Any CPU.ActiveCfg = Debug|Any CPU
		{2693A713-25E3-48A7-A737-18024EF9C8D6}.Debug|Any CPU.Build.0 = Debug|Any CPU
		{2693A713-25E3-48A7-A737-18024EF9C8D6}.Debug|x64.ActiveCfg = Debug|Any CPU
		{2693A713-25E3-48A7-A737-18024EF9C8D6}.Debug|x64.Build.0 = Debug|Any CPU
		{2693A713-25E3-48A7-A737-18024EF9C8D6}.Debug|x86.ActiveCfg = Debug|Any CPU
		{2693A713-25E3-48A7-A737-18024EF9C8D6}.Debug|x86.Build.0 = Debug|Any CPU
		{2693A713-25E3-48A7-A737-18024EF9C8D6}.Release|Any CPU.ActiveCfg = Release|Any CPU
		{2693A713-25E3-48A7-A737-18024EF9C8D6}.Release|Any CPU.Build.0 = Release|Any CPU
		{2693A713-25E3-48A7-A737-18024EF9C8D6}.Release|x64.ActiveCfg = Release|Any CPU
		{2693A713-25E3-48A7-A737-18024EF9C8D6}.Release|x64.Build.0 = Release|Any CPU
		{2693A713-25E3-48A7-A737-18024EF9C8D6}.Release|x86.ActiveCfg = Release|Any CPU
		{2693A713-25E3-48A7-A737-18024EF9C8D6}.Release|x86.Build.0 = Release|Any CPU
		{E26664FB-A8D6-489B-96E5-56373ED5A30C}.Debug|Any CPU.ActiveCfg = Debug|Any CPU
		{E26664FB-A8D6-489B-96E5-56373ED5A30C}.Debug|Any CPU.Build.0 = Debug|Any CPU
		{E26664FB-A8D6-489B-96E5-56373ED5A30C}.Debug|x64.ActiveCfg = Debug|Any CPU
		{E26664FB-A8D6-489B-96E5-56373ED5A30C}.Debug|x64.Build.0 = Debug|Any CPU
		{E26664FB-A8D6-489B-96E5-56373ED5A30C}.Debug|x86.ActiveCfg = Debug|Any CPU
		{E26664FB-A8D6-489B-96E5-56373ED5A30C}.Debug|x86.Build.0 = Debug|Any CPU
		{E26664FB-A8D6-489B-96E5-56373ED5A30C}.Release|Any CPU.ActiveCfg = Release|Any CPU
		{E26664FB-A8D6-489B-96E5-56373ED5A30C}.Release|Any CPU.Build.0 = Release|Any CPU
		{E26664FB-A8D6-489B-96E5-56373ED5A30C}.Release|x64.ActiveCfg = Release|Any CPU
		{E26664FB-A8D6-489B-96E5-56373ED5A30C}.Release|x64.Build.0 = Release|Any CPU
		{E26664FB-A8D6-489B-96E5-56373ED5A30C}.Release|x86.ActiveCfg = Release|Any CPU
		{E26664FB-A8D6-489B-96E5-56373ED5A30C}.Release|x86.Build.0 = Release|Any CPU
		{3A1C7DFA-CCDD-4509-9CE6-FAE8E052E2F8}.Debug|Any CPU.ActiveCfg = Debug|Any CPU
		{3A1C7DFA-CCDD-4509-9CE6-FAE8E052E2F8}.Debug|Any CPU.Build.0 = Debug|Any CPU
		{3A1C7DFA-CCDD-4509-9CE6-FAE8E052E2F8}.Debug|x64.ActiveCfg = Debug|Any CPU
		{3A1C7DFA-CCDD-4509-9CE6-FAE8E052E2F8}.Debug|x64.Build.0 = Debug|Any CPU
		{3A1C7DFA-CCDD-4509-9CE6-FAE8E052E2F8}.Debug|x86.ActiveCfg = Debug|Any CPU
		{3A1C7DFA-CCDD-4509-9CE6-FAE8E052E2F8}.Debug|x86.Build.0 = Debug|Any CPU
		{3A1C7DFA-CCDD-4509-9CE6-FAE8E052E2F8}.Release|Any CPU.ActiveCfg = Release|Any CPU
		{3A1C7DFA-CCDD-4509-9CE6-FAE8E052E2F8}.Release|Any CPU.Build.0 = Release|Any CPU
		{3A1C7DFA-CCDD-4509-9CE6-FAE8E052E2F8}.Release|x64.ActiveCfg = Release|Any CPU
		{3A1C7DFA-CCDD-4509-9CE6-FAE8E052E2F8}.Release|x64.Build.0 = Release|Any CPU
		{3A1C7DFA-CCDD-4509-9CE6-FAE8E052E2F8}.Release|x86.ActiveCfg = Release|Any CPU
		{3A1C7DFA-CCDD-4509-9CE6-FAE8E052E2F8}.Release|x86.Build.0 = Release|Any CPU
		{2B3CF2CB-977E-4771-99DC-22BD9B03B635}.Debug|Any CPU.ActiveCfg = Debug|Any CPU
		{2B3CF2CB-977E-4771-99DC-22BD9B03B635}.Debug|Any CPU.Build.0 = Debug|Any CPU
		{2B3CF2CB-977E-4771-99DC-22BD9B03B635}.Debug|x64.ActiveCfg = Debug|Any CPU
		{2B3CF2CB-977E-4771-99DC-22BD9B03B635}.Debug|x64.Build.0 = Debug|Any CPU
		{2B3CF2CB-977E-4771-99DC-22BD9B03B635}.Debug|x86.ActiveCfg = Debug|Any CPU
		{2B3CF2CB-977E-4771-99DC-22BD9B03B635}.Debug|x86.Build.0 = Debug|Any CPU
		{2B3CF2CB-977E-4771-99DC-22BD9B03B635}.Release|Any CPU.ActiveCfg = Release|Any CPU
		{2B3CF2CB-977E-4771-99DC-22BD9B03B635}.Release|Any CPU.Build.0 = Release|Any CPU
		{2B3CF2CB-977E-4771-99DC-22BD9B03B635}.Release|x64.ActiveCfg = Release|Any CPU
		{2B3CF2CB-977E-4771-99DC-22BD9B03B635}.Release|x64.Build.0 = Release|Any CPU
		{2B3CF2CB-977E-4771-99DC-22BD9B03B635}.Release|x86.ActiveCfg = Release|Any CPU
		{2B3CF2CB-977E-4771-99DC-22BD9B03B635}.Release|x86.Build.0 = Release|Any CPU
		{B3AC3FCE-744D-4BAF-847D-841F5CC2970C}.Debug|Any CPU.ActiveCfg = Debug|Any CPU
		{B3AC3FCE-744D-4BAF-847D-841F5CC2970C}.Debug|Any CPU.Build.0 = Debug|Any CPU
		{B3AC3FCE-744D-4BAF-847D-841F5CC2970C}.Debug|x64.ActiveCfg = Debug|Any CPU
		{B3AC3FCE-744D-4BAF-847D-841F5CC2970C}.Debug|x64.Build.0 = Debug|Any CPU
		{B3AC3FCE-744D-4BAF-847D-841F5CC2970C}.Debug|x86.ActiveCfg = Debug|Any CPU
		{B3AC3FCE-744D-4BAF-847D-841F5CC2970C}.Debug|x86.Build.0 = Debug|Any CPU
		{B3AC3FCE-744D-4BAF-847D-841F5CC2970C}.Release|Any CPU.ActiveCfg = Release|Any CPU
		{B3AC3FCE-744D-4BAF-847D-841F5CC2970C}.Release|Any CPU.Build.0 = Release|Any CPU
		{B3AC3FCE-744D-4BAF-847D-841F5CC2970C}.Release|x64.ActiveCfg = Release|Any CPU
		{B3AC3FCE-744D-4BAF-847D-841F5CC2970C}.Release|x64.Build.0 = Release|Any CPU
		{B3AC3FCE-744D-4BAF-847D-841F5CC2970C}.Release|x86.ActiveCfg = Release|Any CPU
		{B3AC3FCE-744D-4BAF-847D-841F5CC2970C}.Release|x86.Build.0 = Release|Any CPU
		{60713D0D-5624-4D7B-96C7-B82BB5B92467}.Debug|Any CPU.ActiveCfg = Debug|Any CPU
		{60713D0D-5624-4D7B-96C7-B82BB5B92467}.Debug|Any CPU.Build.0 = Debug|Any CPU
		{60713D0D-5624-4D7B-96C7-B82BB5B92467}.Debug|x64.ActiveCfg = Debug|Any CPU
		{60713D0D-5624-4D7B-96C7-B82BB5B92467}.Debug|x64.Build.0 = Debug|Any CPU
		{60713D0D-5624-4D7B-96C7-B82BB5B92467}.Debug|x86.ActiveCfg = Debug|Any CPU
		{60713D0D-5624-4D7B-96C7-B82BB5B92467}.Debug|x86.Build.0 = Debug|Any CPU
		{60713D0D-5624-4D7B-96C7-B82BB5B92467}.Release|Any CPU.ActiveCfg = Release|Any CPU
		{60713D0D-5624-4D7B-96C7-B82BB5B92467}.Release|Any CPU.Build.0 = Release|Any CPU
		{60713D0D-5624-4D7B-96C7-B82BB5B92467}.Release|x64.ActiveCfg = Release|Any CPU
		{60713D0D-5624-4D7B-96C7-B82BB5B92467}.Release|x64.Build.0 = Release|Any CPU
		{60713D0D-5624-4D7B-96C7-B82BB5B92467}.Release|x86.ActiveCfg = Release|Any CPU
		{60713D0D-5624-4D7B-96C7-B82BB5B92467}.Release|x86.Build.0 = Release|Any CPU
		{61FA1541-7061-4D24-9694-BA5C423C632D}.Debug|Any CPU.ActiveCfg = Debug|Any CPU
		{61FA1541-7061-4D24-9694-BA5C423C632D}.Debug|Any CPU.Build.0 = Debug|Any CPU
		{61FA1541-7061-4D24-9694-BA5C423C632D}.Debug|x64.ActiveCfg = Debug|Any CPU
		{61FA1541-7061-4D24-9694-BA5C423C632D}.Debug|x64.Build.0 = Debug|Any CPU
		{61FA1541-7061-4D24-9694-BA5C423C632D}.Debug|x86.ActiveCfg = Debug|Any CPU
		{61FA1541-7061-4D24-9694-BA5C423C632D}.Debug|x86.Build.0 = Debug|Any CPU
		{61FA1541-7061-4D24-9694-BA5C423C632D}.Release|Any CPU.ActiveCfg = Release|Any CPU
		{61FA1541-7061-4D24-9694-BA5C423C632D}.Release|Any CPU.Build.0 = Release|Any CPU
		{61FA1541-7061-4D24-9694-BA5C423C632D}.Release|x64.ActiveCfg = Release|Any CPU
		{61FA1541-7061-4D24-9694-BA5C423C632D}.Release|x64.Build.0 = Release|Any CPU
		{61FA1541-7061-4D24-9694-BA5C423C632D}.Release|x86.ActiveCfg = Release|Any CPU
		{61FA1541-7061-4D24-9694-BA5C423C632D}.Release|x86.Build.0 = Release|Any CPU
		{45C179F5-DF55-44C3-8053-336C6B7985B3}.Debug|Any CPU.ActiveCfg = Debug|Any CPU
		{45C179F5-DF55-44C3-8053-336C6B7985B3}.Debug|Any CPU.Build.0 = Debug|Any CPU
		{45C179F5-DF55-44C3-8053-336C6B7985B3}.Debug|x64.ActiveCfg = Debug|Any CPU
		{45C179F5-DF55-44C3-8053-336C6B7985B3}.Debug|x64.Build.0 = Debug|Any CPU
		{45C179F5-DF55-44C3-8053-336C6B7985B3}.Debug|x86.ActiveCfg = Debug|Any CPU
		{45C179F5-DF55-44C3-8053-336C6B7985B3}.Debug|x86.Build.0 = Debug|Any CPU
		{45C179F5-DF55-44C3-8053-336C6B7985B3}.Release|Any CPU.ActiveCfg = Release|Any CPU
		{45C179F5-DF55-44C3-8053-336C6B7985B3}.Release|Any CPU.Build.0 = Release|Any CPU
		{45C179F5-DF55-44C3-8053-336C6B7985B3}.Release|x64.ActiveCfg = Release|Any CPU
		{45C179F5-DF55-44C3-8053-336C6B7985B3}.Release|x64.Build.0 = Release|Any CPU
		{45C179F5-DF55-44C3-8053-336C6B7985B3}.Release|x86.ActiveCfg = Release|Any CPU
		{45C179F5-DF55-44C3-8053-336C6B7985B3}.Release|x86.Build.0 = Release|Any CPU
		{BF361FC1-BA8C-4A99-8CD1-EF8DECB81068}.Debug|Any CPU.ActiveCfg = Debug|Any CPU
		{BF361FC1-BA8C-4A99-8CD1-EF8DECB81068}.Debug|Any CPU.Build.0 = Debug|Any CPU
		{BF361FC1-BA8C-4A99-8CD1-EF8DECB81068}.Debug|x64.ActiveCfg = Debug|Any CPU
		{BF361FC1-BA8C-4A99-8CD1-EF8DECB81068}.Debug|x64.Build.0 = Debug|Any CPU
		{BF361FC1-BA8C-4A99-8CD1-EF8DECB81068}.Debug|x86.ActiveCfg = Debug|Any CPU
		{BF361FC1-BA8C-4A99-8CD1-EF8DECB81068}.Debug|x86.Build.0 = Debug|Any CPU
		{BF361FC1-BA8C-4A99-8CD1-EF8DECB81068}.Release|Any CPU.ActiveCfg = Release|Any CPU
		{BF361FC1-BA8C-4A99-8CD1-EF8DECB81068}.Release|Any CPU.Build.0 = Release|Any CPU
		{BF361FC1-BA8C-4A99-8CD1-EF8DECB81068}.Release|x64.ActiveCfg = Release|Any CPU
		{BF361FC1-BA8C-4A99-8CD1-EF8DECB81068}.Release|x64.Build.0 = Release|Any CPU
		{BF361FC1-BA8C-4A99-8CD1-EF8DECB81068}.Release|x86.ActiveCfg = Release|Any CPU
		{BF361FC1-BA8C-4A99-8CD1-EF8DECB81068}.Release|x86.Build.0 = Release|Any CPU
		{E1BB67F4-63AB-4E16-B8CF-361A8D0046F0}.Debug|Any CPU.ActiveCfg = Debug|Any CPU
		{E1BB67F4-63AB-4E16-B8CF-361A8D0046F0}.Debug|Any CPU.Build.0 = Debug|Any CPU
		{E1BB67F4-63AB-4E16-B8CF-361A8D0046F0}.Debug|x64.ActiveCfg = Debug|Any CPU
		{E1BB67F4-63AB-4E16-B8CF-361A8D0046F0}.Debug|x64.Build.0 = Debug|Any CPU
		{E1BB67F4-63AB-4E16-B8CF-361A8D0046F0}.Debug|x86.ActiveCfg = Debug|Any CPU
		{E1BB67F4-63AB-4E16-B8CF-361A8D0046F0}.Debug|x86.Build.0 = Debug|Any CPU
		{E1BB67F4-63AB-4E16-B8CF-361A8D0046F0}.Release|Any CPU.ActiveCfg = Release|Any CPU
		{E1BB67F4-63AB-4E16-B8CF-361A8D0046F0}.Release|Any CPU.Build.0 = Release|Any CPU
		{E1BB67F4-63AB-4E16-B8CF-361A8D0046F0}.Release|x64.ActiveCfg = Release|Any CPU
		{E1BB67F4-63AB-4E16-B8CF-361A8D0046F0}.Release|x64.Build.0 = Release|Any CPU
		{E1BB67F4-63AB-4E16-B8CF-361A8D0046F0}.Release|x86.ActiveCfg = Release|Any CPU
		{E1BB67F4-63AB-4E16-B8CF-361A8D0046F0}.Release|x86.Build.0 = Release|Any CPU
		{FF53A63B-1633-4E9B-9F56-E6D3CBAB1279}.Debug|Any CPU.ActiveCfg = Debug|Any CPU
		{FF53A63B-1633-4E9B-9F56-E6D3CBAB1279}.Debug|Any CPU.Build.0 = Debug|Any CPU
		{FF53A63B-1633-4E9B-9F56-E6D3CBAB1279}.Debug|x64.ActiveCfg = Debug|Any CPU
		{FF53A63B-1633-4E9B-9F56-E6D3CBAB1279}.Debug|x64.Build.0 = Debug|Any CPU
		{FF53A63B-1633-4E9B-9F56-E6D3CBAB1279}.Debug|x86.ActiveCfg = Debug|Any CPU
		{FF53A63B-1633-4E9B-9F56-E6D3CBAB1279}.Debug|x86.Build.0 = Debug|Any CPU
		{FF53A63B-1633-4E9B-9F56-E6D3CBAB1279}.Release|Any CPU.ActiveCfg = Release|Any CPU
		{FF53A63B-1633-4E9B-9F56-E6D3CBAB1279}.Release|Any CPU.Build.0 = Release|Any CPU
		{FF53A63B-1633-4E9B-9F56-E6D3CBAB1279}.Release|x64.ActiveCfg = Release|Any CPU
		{FF53A63B-1633-4E9B-9F56-E6D3CBAB1279}.Release|x64.Build.0 = Release|Any CPU
		{FF53A63B-1633-4E9B-9F56-E6D3CBAB1279}.Release|x86.ActiveCfg = Release|Any CPU
		{FF53A63B-1633-4E9B-9F56-E6D3CBAB1279}.Release|x86.Build.0 = Release|Any CPU
		{FC2C1A44-EA7D-439C-8BD4-D05DDCE327D0}.Debug|Any CPU.ActiveCfg = Debug|Any CPU
		{FC2C1A44-EA7D-439C-8BD4-D05DDCE327D0}.Debug|Any CPU.Build.0 = Debug|Any CPU
		{FC2C1A44-EA7D-439C-8BD4-D05DDCE327D0}.Debug|x64.ActiveCfg = Debug|Any CPU
		{FC2C1A44-EA7D-439C-8BD4-D05DDCE327D0}.Debug|x64.Build.0 = Debug|Any CPU
		{FC2C1A44-EA7D-439C-8BD4-D05DDCE327D0}.Debug|x86.ActiveCfg = Debug|Any CPU
		{FC2C1A44-EA7D-439C-8BD4-D05DDCE327D0}.Debug|x86.Build.0 = Debug|Any CPU
		{FC2C1A44-EA7D-439C-8BD4-D05DDCE327D0}.Release|Any CPU.ActiveCfg = Release|Any CPU
		{FC2C1A44-EA7D-439C-8BD4-D05DDCE327D0}.Release|Any CPU.Build.0 = Release|Any CPU
		{FC2C1A44-EA7D-439C-8BD4-D05DDCE327D0}.Release|x64.ActiveCfg = Release|Any CPU
		{FC2C1A44-EA7D-439C-8BD4-D05DDCE327D0}.Release|x64.Build.0 = Release|Any CPU
		{FC2C1A44-EA7D-439C-8BD4-D05DDCE327D0}.Release|x86.ActiveCfg = Release|Any CPU
		{FC2C1A44-EA7D-439C-8BD4-D05DDCE327D0}.Release|x86.Build.0 = Release|Any CPU
		{753E234D-DA54-45D1-BD03-BDF567FCFA40}.Debug|Any CPU.ActiveCfg = Debug|Any CPU
		{753E234D-DA54-45D1-BD03-BDF567FCFA40}.Debug|Any CPU.Build.0 = Debug|Any CPU
		{753E234D-DA54-45D1-BD03-BDF567FCFA40}.Debug|x64.ActiveCfg = Debug|Any CPU
		{753E234D-DA54-45D1-BD03-BDF567FCFA40}.Debug|x64.Build.0 = Debug|Any CPU
		{753E234D-DA54-45D1-BD03-BDF567FCFA40}.Debug|x86.ActiveCfg = Debug|Any CPU
		{753E234D-DA54-45D1-BD03-BDF567FCFA40}.Debug|x86.Build.0 = Debug|Any CPU
		{753E234D-DA54-45D1-BD03-BDF567FCFA40}.Release|Any CPU.ActiveCfg = Release|Any CPU
		{753E234D-DA54-45D1-BD03-BDF567FCFA40}.Release|Any CPU.Build.0 = Release|Any CPU
		{753E234D-DA54-45D1-BD03-BDF567FCFA40}.Release|x64.ActiveCfg = Release|Any CPU
		{753E234D-DA54-45D1-BD03-BDF567FCFA40}.Release|x64.Build.0 = Release|Any CPU
		{753E234D-DA54-45D1-BD03-BDF567FCFA40}.Release|x86.ActiveCfg = Release|Any CPU
		{753E234D-DA54-45D1-BD03-BDF567FCFA40}.Release|x86.Build.0 = Release|Any CPU
		{EB6E1C67-8B43-4BCD-AA13-853969CABD75}.Debug|Any CPU.ActiveCfg = Debug|Any CPU
		{EB6E1C67-8B43-4BCD-AA13-853969CABD75}.Debug|Any CPU.Build.0 = Debug|Any CPU
		{EB6E1C67-8B43-4BCD-AA13-853969CABD75}.Debug|x64.ActiveCfg = Debug|Any CPU
		{EB6E1C67-8B43-4BCD-AA13-853969CABD75}.Debug|x64.Build.0 = Debug|Any CPU
		{EB6E1C67-8B43-4BCD-AA13-853969CABD75}.Debug|x86.ActiveCfg = Debug|Any CPU
		{EB6E1C67-8B43-4BCD-AA13-853969CABD75}.Debug|x86.Build.0 = Debug|Any CPU
		{EB6E1C67-8B43-4BCD-AA13-853969CABD75}.Release|Any CPU.ActiveCfg = Release|Any CPU
		{EB6E1C67-8B43-4BCD-AA13-853969CABD75}.Release|Any CPU.Build.0 = Release|Any CPU
		{EB6E1C67-8B43-4BCD-AA13-853969CABD75}.Release|x64.ActiveCfg = Release|Any CPU
		{EB6E1C67-8B43-4BCD-AA13-853969CABD75}.Release|x64.Build.0 = Release|Any CPU
		{EB6E1C67-8B43-4BCD-AA13-853969CABD75}.Release|x86.ActiveCfg = Release|Any CPU
		{EB6E1C67-8B43-4BCD-AA13-853969CABD75}.Release|x86.Build.0 = Release|Any CPU
		{BA173466-FEB2-47E2-8A77-03E992887F09}.Debug|Any CPU.ActiveCfg = Debug|Any CPU
		{BA173466-FEB2-47E2-8A77-03E992887F09}.Debug|Any CPU.Build.0 = Debug|Any CPU
		{BA173466-FEB2-47E2-8A77-03E992887F09}.Debug|x64.ActiveCfg = Debug|Any CPU
		{BA173466-FEB2-47E2-8A77-03E992887F09}.Debug|x64.Build.0 = Debug|Any CPU
		{BA173466-FEB2-47E2-8A77-03E992887F09}.Debug|x86.ActiveCfg = Debug|Any CPU
		{BA173466-FEB2-47E2-8A77-03E992887F09}.Debug|x86.Build.0 = Debug|Any CPU
		{BA173466-FEB2-47E2-8A77-03E992887F09}.Release|Any CPU.ActiveCfg = Release|Any CPU
		{BA173466-FEB2-47E2-8A77-03E992887F09}.Release|Any CPU.Build.0 = Release|Any CPU
		{BA173466-FEB2-47E2-8A77-03E992887F09}.Release|x64.ActiveCfg = Release|Any CPU
		{BA173466-FEB2-47E2-8A77-03E992887F09}.Release|x64.Build.0 = Release|Any CPU
		{BA173466-FEB2-47E2-8A77-03E992887F09}.Release|x86.ActiveCfg = Release|Any CPU
		{BA173466-FEB2-47E2-8A77-03E992887F09}.Release|x86.Build.0 = Release|Any CPU
	EndGlobalSection
	GlobalSection(SolutionProperties) = preSolution
		HideSolutionNode = FALSE
	EndGlobalSection
	GlobalSection(NestedProjects) = preSolution
		{38A28B37-F22D-474D-824A-33D3B5BAC6C1} = {E583CB04-8E14-412F-991A-A1FB216F5A29}
		{94939485-4F65-4723-91C2-57F9DD03304E} = {E583CB04-8E14-412F-991A-A1FB216F5A29}
		{8353A99A-4D01-470D-995A-89A061487196} = {E583CB04-8E14-412F-991A-A1FB216F5A29}
		{BCAA22E8-0766-4475-97C5-63E4C2AF95E9} = {E583CB04-8E14-412F-991A-A1FB216F5A29}
		{C0142CD8-3AA5-47FC-BCC5-F9B1100FA461} = {E583CB04-8E14-412F-991A-A1FB216F5A29}
		{DA566389-73D6-44D9-AD19-CC5F627443AF} = {E583CB04-8E14-412F-991A-A1FB216F5A29}
		{E533AF77-B0EA-4406-B603-CCC8F4184FC7} = {E583CB04-8E14-412F-991A-A1FB216F5A29}
		{1E4C11FB-B5A6-4BFB-BB04-E403E7B64CAF} = {E583CB04-8E14-412F-991A-A1FB216F5A29}
		{2693A713-25E3-48A7-A737-18024EF9C8D6} = {E583CB04-8E14-412F-991A-A1FB216F5A29}
		{E26664FB-A8D6-489B-96E5-56373ED5A30C} = {E583CB04-8E14-412F-991A-A1FB216F5A29}
		{3A1C7DFA-CCDD-4509-9CE6-FAE8E052E2F8} = {01CF7663-FFEA-4103-BE08-AE41EF310901}
		{2B3CF2CB-977E-4771-99DC-22BD9B03B635} = {01CF7663-FFEA-4103-BE08-AE41EF310901}
		{B3AC3FCE-744D-4BAF-847D-841F5CC2970C} = {01CF7663-FFEA-4103-BE08-AE41EF310901}
		{60713D0D-5624-4D7B-96C7-B82BB5B92467} = {01CF7663-FFEA-4103-BE08-AE41EF310901}
		{61FA1541-7061-4D24-9694-BA5C423C632D} = {01CF7663-FFEA-4103-BE08-AE41EF310901}
		{45C179F5-DF55-44C3-8053-336C6B7985B3} = {7FB45420-6D09-4CBA-9144-E67C21CB653B}
		{BF361FC1-BA8C-4A99-8CD1-EF8DECB81068} = {7FB45420-6D09-4CBA-9144-E67C21CB653B}
		{E1BB67F4-63AB-4E16-B8CF-361A8D0046F0} = {7FB45420-6D09-4CBA-9144-E67C21CB653B}
		{FF53A63B-1633-4E9B-9F56-E6D3CBAB1279} = {7FB45420-6D09-4CBA-9144-E67C21CB653B}
		{FC2C1A44-EA7D-439C-8BD4-D05DDCE327D0} = {7FB45420-6D09-4CBA-9144-E67C21CB653B}
		{753E234D-DA54-45D1-BD03-BDF567FCFA40} = {E583CB04-8E14-412F-991A-A1FB216F5A29}
		{EB6E1C67-8B43-4BCD-AA13-853969CABD75} = {C70BC64D-8EBB-49C7-96C1-8C2A7112BB23}
		{BA173466-FEB2-47E2-8A77-03E992887F09} = {E583CB04-8E14-412F-991A-A1FB216F5A29}
	EndGlobalSection
EndGlobal
